{
  "name": "projectile",
  "lockfileVersion": 2,
  "requires": true,
  "packages": {
    "": {
      "dependencies": {
        "sanim-kit": "^1.0.1"
      }
    },
    "node_modules/sanim-kit": {
      "version": "1.0.1",
      "resolved": "https://registry.npmjs.org/sanim-kit/-/sanim-kit-1.0.1.tgz",
      "integrity": "sha512-cFbCkbgAYDbfmjVJRWRSv/2XZa/7NfS1j8ExgS/MRNbjKPfrXVYYsUp5/iKyEJjm750PgLY3qlf6/V3U0NfgCA=="
    }
  },
  "dependencies": {
    "sanim-kit": {
      "version": "1.0.1",
      "resolved": "https://registry.npmjs.org/sanim-kit/-/sanim-kit-1.0.1.tgz",
      "integrity": "sha512-cFbCkbgAYDbfmjVJRWRSv/2XZa/7NfS1j8ExgS/MRNbjKPfrXVYYsUp5/iKyEJjm750PgLY3qlf6/V3U0NfgCA=="
    }
  }
}
